// !$*UTF8*$!
{
	archiveVersion = 1;
	classes = {
	};
	objectVersion = 48;
	objects = {

/* Begin PBXBuildFile section */
		A869D68520875E6400585300 /* DelegatedCall.swift in Sources */ = {isa = PBXBuildFile; fileRef = A869D68420875E6400585300 /* DelegatedCall.swift */; };
		A88263E22084BDB200D89AEF /* AppDelegate.swift in Sources */ = {isa = PBXBuildFile; fileRef = A88263E12084BDB200D89AEF /* AppDelegate.swift */; };
		A88263E42084BDB200D89AEF /* ViewController.swift in Sources */ = {isa = PBXBuildFile; fileRef = A88263E32084BDB200D89AEF /* ViewController.swift */; };
		A88263E72084BDB200D89AEF /* Main.storyboard in Resources */ = {isa = PBXBuildFile; fileRef = A88263E52084BDB200D89AEF /* Main.storyboard */; };
		A88263E92084BDB200D89AEF /* Assets.xcassets in Resources */ = {isa = PBXBuildFile; fileRef = A88263E82084BDB200D89AEF /* Assets.xcassets */; };
		A88263EC2084BDB200D89AEF /* LaunchScreen.storyboard in Resources */ = {isa = PBXBuildFile; fileRef = A88263EA2084BDB200D89AEF /* LaunchScreen.storyboard */; };
		A88263F42084BDF200D89AEF /* ImageDownloader.swift in Sources */ = {isa = PBXBuildFile; fileRef = A88263F32084BDF200D89AEF /* ImageDownloader.swift */; };
		A88263F62084C3BD00D89AEF /* Conroller.swift in Sources */ = {isa = PBXBuildFile; fileRef = A88263F52084C3BD00D89AEF /* Conroller.swift */; };
/* End PBXBuildFile section */

/* Begin PBXFileReference section */
		A869D68420875E6400585300 /* DelegatedCall.swift */ = {isa = PBXFileReference; lastKnownFileType = sourcecode.swift; path = DelegatedCall.swift; sourceTree = "<group>"; };
		A88263DE2084BDB200D89AEF /* delegation.app */ = {isa = PBXFileReference; explicitFileType = wrapper.application; includeInIndex = 0; path = delegation.app; sourceTree = BUILT_PRODUCTS_DIR; };
		A88263E12084BDB200D89AEF /* AppDelegate.swift */ = {isa = PBXFileReference; lastKnownFileType = sourcecode.swift; path = AppDelegate.swift; sourceTree = "<group>"; };
		A88263E32084BDB200D89AEF /* ViewController.swift */ = {isa = PBXFileReference; lastKnownFileType = sourcecode.swift; path = ViewController.swift; sourceTree = "<group>"; };
		A88263E62084BDB200D89AEF /* Base */ = {isa = PBXFileReference; lastKnownFileType = file.storyboard; name = Base; path = Base.lproj/Main.storyboard; sourceTree = "<group>"; };
		A88263E82084BDB200D89AEF /* Assets.xcassets */ = {isa = PBXFileReference; lastKnownFileType = folder.assetcatalog; path = Assets.xcassets; sourceTree = "<group>"; };
		A88263EB2084BDB200D89AEF /* Base */ = {isa = PBXFileReference; lastKnownFileType = file.storyboard; name = Base; path = Base.lproj/LaunchScreen.storyboard; sourceTree = "<group>"; };
		A88263ED2084BDB200D89AEF /* Info.plist */ = {isa = PBXFileReference; lastKnownFileType = text.plist.xml; path = Info.plist; sourceTree = "<group>"; };
		A88263F32084BDF200D89AEF /* ImageDownloader.swift */ = {isa = PBXFileReference; lastKnownFileType = sourcecode.swift; path = ImageDownloader.swift; sourceTree = "<group>"; };
		A88263F52084C3BD00D89AEF /* Conroller.swift */ = {isa = PBXFileReference; lastKnownFileType = sourcecode.swift; path = Conroller.swift; sourceTree = "<group>"; };
/* End PBXFileReference section */

/* Begin PBXFrameworksBuildPhase section */
		A88263DB2084BDB200D89AEF /* Frameworks */ = {
			isa = PBXFrameworksBuildPhase;
			buildActionMask = 2147483647;
			files = (
			);
			runOnlyForDeploymentPostprocessing = 0;
		};
/* End PBXFrameworksBuildPhase section */

/* Begin PBXGroup section */
		A88263D52084BDB100D89AEF = {
			isa = PBXGroup;
			children = (
				A88263E02084BDB200D89AEF /* delegation */,
				A88263DF2084BDB200D89AEF /* Products */,
			);
			sourceTree = "<group>";
		};
		A88263DF2084BDB200D89AEF /* Products */ = {
			isa = PBXGroup;
			children = (
				A88263DE2084BDB200D89AEF /* delegation.app */,
			);
			name = Products;
			sourceTree = "<group>";
		};
		A88263E02084BDB200D89AEF /* delegation */ = {
			isa = PBXGroup;
			children = (
				A88263E12084BDB200D89AEF /* AppDelegate.swift */,
				A88263E32084BDB200D89AEF /* ViewController.swift */,
				A869D68420875E6400585300 /* DelegatedCall.swift */,
				A88263F32084BDF200D89AEF /* ImageDownloader.swift */,
				A88263F52084C3BD00D89AEF /* Conroller.swift */,
				A88263E52084BDB200D89AEF /* Main.storyboard */,
				A88263E82084BDB200D89AEF /* Assets.xcassets */,
				A88263EA2084BDB200D89AEF /* LaunchScreen.storyboard */,
				A88263ED2084BDB200D89AEF /* Info.plist */,
			);
			path = delegation;
			sourceTree = "<group>";
		};
/* End PBXGroup section */

/* Begin PBXNativeTarget section */
		A88263DD2084BDB200D89AEF /* delegation */ = {
			isa = PBXNativeTarget;
			buildConfigurationList = A88263F02084BDB200D89AEF /* Build configuration list for PBXNativeTarget "delegation" */;
			buildPhases = (
				A88263DA2084BDB200D89AEF /* Sources */,
				A88263DB2084BDB200D89AEF /* Frameworks */,
				A88263DC2084BDB200D89AEF /* Resources */,
			);
			buildRules = (
			);
			dependencies = (
			);
			name = delegation;
			productName = delegation;
			productReference = A88263DE2084BDB200D89AEF /* delegation.app */;
			productType = "com.apple.product-type.application";
		};
/* End PBXNativeTarget section */

/* Begin PBXProject section */
		A88263D62084BDB200D89AEF /* Project object */ = {
			isa = PBXProject;
			attributes = {
				LastSwiftUpdateCheck = 0920;
				LastUpgradeCheck = 0940;
				ORGANIZATIONNAME = swiftbook.ru;
				TargetAttributes = {
					A88263DD2084BDB200D89AEF = {
						CreatedOnToolsVersion = 9.2;
						LastSwiftMigration = 1000;
						ProvisioningStyle = Automatic;
					};
				};
			};
			buildConfigurationList = A88263D92084BDB200D89AEF /* Build configuration list for PBXProject "delegation" */;
			compatibilityVersion = "Xcode 8.0";
			developmentRegion = en;
			hasScannedForEncodings = 0;
			knownRegions = (
				en,
				Base,
			);
			mainGroup = A88263D52084BDB100D89AEF;
			productRefGroup = A88263DF2084BDB200D89AEF /* Products */;
			projectDirPath = "";
			projectRoot = "";
			targets = (
				A88263DD2084BDB200D89AEF /* delegation */,
			);
		};
/* End PBXProject section */

/* Begin PBXResourcesBuildPhase section */
		A88263DC2084BDB200D89AEF /* Resources */ = {
			isa = PBXResourcesBuildPhase;
			buildActionMask = 2147483647;
			files = (
				A88263EC2084BDB200D89AEF /* LaunchScreen.storyboard in Resources */,
				A88263E92084BDB200D89AEF /* Assets.xcassets in Resources */,
				A88263E72084BDB200D89AEF /* Main.storyboard in Resources */,
			);
			runOnlyForDeploymentPostprocessing = 0;
		};
/* End PBXResourcesBuildPhase section */

/* Begin PBXSourcesBuildPhase section */
		A88263DA2084BDB200D89AEF /* Sources */ = {
			isa = PBXSourcesBuildPhase;
			buildActionMask = 2147483647;
			files = (
				A88263E42084BDB200D89AEF /* ViewController.swift in Sources */,
				A88263F42084BDF200D89AEF /* ImageDownloader.swift in Sources */,
				A88263F62084C3BD00D89AEF /* Conroller.swift in Sources */,
				A869D68520875E6400585300 /* DelegatedCall.swift in Sources */,
				A88263E22084BDB200D89AEF /* AppDelegate.swift in Sources */,
			);
			runOnlyForDeploymentPostprocessing = 0;
		};
/* End PBXSourcesBuildPhase section */

/* Begin PBXVariantGroup section */
		A88263E52084BDB200D89AEF /* Main.storyboard */ = {
			isa = PBXVariantGroup;
			children = (
				A88263E62084BDB200D89AEF /* Base */,
			);
			name = Main.storyboard;
			sourceTree = "<group>";
		};
		A88263EA2084BDB200D89AEF /* LaunchScreen.storyboard */ = {
			isa = PBXVariantGroup;
			children = (
				A88263EB2084BDB200D89AEF /* Base */,
			);
			name = LaunchScreen.storyboard;
			sourceTree = "<group>";
		};
/* End PBXVariantGroup section */

/* Begin XCBuildConfiguration section */
		A88263EE2084BDB200D89AEF /* Debug */ = {
			isa = XCBuildConfiguration;
			buildSettings = {
				ALWAYS_SEARCH_USER_PATHS = NO;
				CLANG_ANALYZER_NONNULL = YES;
				CLANG_ANALYZER_NUMBER_OBJECT_CONVERSION = YES_AGGRESSIVE;
				CLANG_CXX_LANGUAGE_STANDARD = "gnu++14";
				CLANG_CXX_LIBRARY = "libc++";
				CLANG_ENABLE_MODULES = YES;
				CLANG_ENABLE_OBJC_ARC = YES;
				CLANG_WARN_BLOCK_CAPTURE_AUTORELEASING = YES;
				CLANG_WARN_BOOL_CONVERSION = YES;
				CLANG_WARN_COMMA = YES;
				CLANG_WARN_CONSTANT_CONVERSION = YES;
				CLANG_WARN_DEPRECATED_OBJC_IMPLEMENTATIONS = YES;
				CLANG_WARN_DIRECT_OBJC_ISA_USAGE = YES_ERROR;
				CLANG_WARN_DOCUMENTATION_COMMENTS = YES;
				CLANG_WARN_EMPTY_BODY = YES;
				CLANG_WARN_ENUM_CONVERSION = YES;
				CLANG_WARN_INFINITE_RECURSION = YES;
				CLANG_WARN_INT_CONVERSION = YES;
				CLANG_WARN_NON_LITERAL_NULL_CONVERSION = YES;
				CLANG_WARN_OBJC_IMPLICIT_RETAIN_SELF = YES;
				CLANG_WARN_OBJC_LITERAL_CONVERSION = YES;
				CLANG_WARN_OBJC_ROOT_CLASS = YES_ERROR;
				CLANG_WARN_RANGE_LOOP_ANALYSIS = YES;
				CLANG_WARN_STRICT_PROTOTYPES = YES;
				CLANG_WARN_SUSPICIOUS_MOVE = YES;
				CLANG_WARN_UNGUARDED_AVAILABILITY = YES_AGGRESSIVE;
				CLANG_WARN_UNREACHABLE_CODE = YES;
				CLANG_WARN__DUPLICATE_METHOD_MATCH = YES;
				CODE_SIGN_IDENTITY = "iPhone Developer";
				COPY_PHASE_STRIP = NO;
				DEBUG_INFORMATION_FORMAT = dwarf;
				ENABLE_STRICT_OBJC_MSGSEND = YES;
				ENABLE_TESTABILITY = YES;
				GCC_C_LANGUAGE_STANDARD = gnu11;
				GCC_DYNAMIC_NO_PIC = NO;
				GCC_NO_COMMON_BLOCKS = YES;
				GCC_OPTIMIZATION_LEVEL = 0;
				GCC_PREPROCESSOR_DEFINITIONS = (
					"DEBUG=1",
					"$(inherited)",
				);
				GCC_WARN_64_TO_32_BIT_CONVERSION = YES;
				GCC_WARN_ABOUT_RETURN_TYPE = YES_ERROR;
				GCC_WARN_UNDECLARED_SELECTOR = YES;
				GCC_WARN_UNINITIALIZED_AUTOS = YES_AGGRESSIVE;
				GCC_WARN_UNUSED_FUNCTION = YES;
				GCC_WARN_UNUSED_VARIABLE = YES;
				IPHONEOS_DEPLOYMENT_TARGET = 11.2;
				MTL_ENABLE_DEBUG_INFO = YES;
				ONLY_ACTIVE_ARCH = YES;
				SDKROOT = iphoneos;
				SWIFT_ACTIVE_COMPILATION_CONDITIONS = DEBUG;
				SWIFT_OPTIMIZATION_LEVEL = "-Onone";
			};
			name = Debug;
		};
		A88263EF2084BDB200D89AEF /* Release */ = {
			isa = XCBuildConfiguration;
			buildSettings = {
				ALWAYS_SEARCH_USER_PATHS = NO;
				CLANG_ANALYZER_NONNULL = YES;
				CLANG_ANALYZER_NUMBER_OBJECT_CONVERSION = YES_AGGRESSIVE;
				CLANG_CXX_LANGUAGE_STANDARD = "gnu++14";
				CLANG_CXX_LIBRARY = "libc++";
				CLANG_ENABLE_MODULES = YES;
				CLANG_ENABLE_OBJC_ARC = YES;
				CLANG_WARN_BLOCK_CAPTURE_AUTORELEASING = YES;
				CLANG_WARN_BOOL_CONVERSION = YES;
				CLANG_WARN_COMMA = YES;
				CLANG_WARN_CONSTANT_CONVERSION = YES;
				CLANG_WARN_DEPRECATED_OBJC_IMPLEMENTATIONS = YES;
				CLANG_WARN_DIRECT_OBJC_ISA_USAGE = YES_ERROR;
				CLANG_WARN_DOCUMENTATION_COMMENTS = YES;
				CLANG_WARN_EMPTY_BODY = YES;
				CLANG_WARN_ENUM_CONVERSION = YES;
				CLANG_WARN_INFINITE_RECURSION = YES;
				CLANG_WARN_INT_CONVERSION = YES;
				CLANG_WARN_NON_LITERAL_NULL_CONVERSION = YES;
				CLANG_WARN_OBJC_IMPLICIT_RETAIN_SELF = YES;
				CLANG_WARN_OBJC_LITERAL_CONVERSION = YES;
				CLANG_WARN_OBJC_ROOT_CLASS = YES_ERROR;
				CLANG_WARN_RANGE_LOOP_ANALYSIS = YES;
				CLANG_WARN_STRICT_PROTOTYPES = YES;
				CLANG_WARN_SUSPICIOUS_MOVE = YES;
				CLANG_WARN_UNGUARDED_AVAILABILITY = YES_AGGRESSIVE;
				CLANG_WARN_UNREACHABLE_CODE = YES;
				CLANG_WARN__DUPLICATE_METHOD_MATCH = YES;
				CODE_SIGN_IDENTITY = "iPhone Developer";
				COPY_PHASE_STRIP = NO;
				DEBUG_INFORMATION_FORMAT = "dwarf-with-dsym";
				ENABLE_NS_ASSERTIONS = NO;
				ENABLE_STRICT_OBJC_MSGSEND = YES;
				GCC_C_LANGUAGE_STANDARD = gnu11;
				GCC_NO_COMMON_BLOCKS = YES;
				GCC_WARN_64_TO_32_BIT_CONVERSION = YES;
				GCC_WARN_ABOUT_RETURN_TYPE = YES_ERROR;
				GCC_WARN_UNDECLARED_SELECTOR = YES;
				GCC_WARN_UNINITIALIZED_AUTOS = YES_AGGRESSIVE;
				GCC_WARN_UNUSED_FUNCTION = YES;
				GCC_WARN_UNUSED_VARIABLE = YES;
				IPHONEOS_DEPLOYMENT_TARGET = 11.2;
				MTL_ENABLE_DEBUG_INFO = NO;
				SDKROOT = iphoneos;
				SWIFT_OPTIMIZATION_LEVEL = "-Owholemodule";
				VALIDATE_PRODUCT = YES;
			};
			name = Release;
		};
		A88263F12084BDB200D89AEF /* Debug */ = {
			isa = XCBuildConfiguration;
			buildSettings = {
				ASSETCATALOG_COMPILER_APPICON_NAME = AppIcon;
				CODE_SIGN_STYLE = Automatic;
				DEVELOPMENT_TEAM = GBTTU32HS2;
				INFOPLIST_FILE = delegation/Info.plist;
				LD_RUNPATH_SEARCH_PATHS = "$(inherited) @executable_path/Frameworks";
				PRODUCT_BUNDLE_IDENTIFIER = ru.swiftbook.delegation;
				PRODUCT_NAME = "$(TARGET_NAME)";
				SWIFT_VERSION = 4.2;
				TARGETED_DEVICE_FAMILY = "1,2";
			};
			name = Debug;
		};
		A88263F22084BDB200D89AEF /* Release */ = {
			isa = XCBuildConfiguration;
			buildSettings = {
				ASSETCATALOG_COMPILER_APPICON_NAME = AppIcon;
				CODE_SIGN_STYLE = Automatic;
				DEVELOPMENT_TEAM = GBTTU32HS2;
				INFOPLIST_FILE = delegation/Info.plist;
				LD_RUNPATH_SEARCH_PATHS = "$(inherited) @executable_path/Frameworks";
				PRODUCT_BUNDLE_IDENTIFIER = ru.swiftbook.delegation;
				PRODUCT_NAME = "$(TARGET_NAME)";
				SWIFT_VERSION = 4.2;
				TARGETED_DEVICE_FAMILY = "1,2";
			};
			name = Release;
		};
/* End XCBuildConfiguration section */

/* Begin XCConfigurationList section */
		A88263D92084BDB200D89AEF /* Build configuration list for PBXProject "delegation" */ = {
			isa = XCConfigurationList;
			buildConfigurations = (
				A88263EE2084BDB200D89AEF /* Debug */,
				A88263EF2084BDB200D89AEF /* Release */,
			);
			defaultConfigurationIsVisible = 0;
			defaultConfigurationName = Release;
		};
		A88263F02084BDB200D89AEF /* Build configuration list for PBXNativeTarget "delegation" */ = {
			isa = XCConfigurationList;
			buildConfigurations = (
				A88263F12084BDB200D89AEF /* Debug */,
				A88263F22084BDB200D89AEF /* Release */,
			);
			defaultConfigurationIsVisible = 0;
			defaultConfigurationName = Release;
		};
/* End XCConfigurationList section */
	};
	rootObject = A88263D62084BDB200D89AEF /* Project object */;
}
